
Microsoft Visual Studio Solution File, Format Version 12.00
# Visual Studio Version 17
VisualStudioVersion = 17.13.35825.156 d17.13
MinimumVisualStudioVersion = 10.0.40219.1
Project("{FAE04EC0-301F-11D3-BF4B-00C04F79EFBC}") = "EduSyncBackend", "EduSyncBackend\EduSyncBackend.csproj", "{7A0CF042-1D52-433F-A095-80EFEAD185B2}"
EndProject
Global
	GlobalSection(SolutionConfigurationPlatforms) = preSolution
		Debug|Any CPU = Debug|Any CPU
		Release|Any CPU = Release|Any CPU
	EndGlobalSection
	GlobalSection(ProjectConfigurationPlatforms) = postSolution
		{7A0CF042-1D52-433F-A095-80EFEAD185B2}.Debug|Any CPU.ActiveCfg = Debug|Any CPU
		{7A0CF042-1D52-433F-A095-80EFEAD185B2}.Debug|Any CPU.Build.0 = Debug|Any CPU
		{7A0CF042-1D52-433F-A095-80EFEAD185B2}.Release|Any CPU.ActiveCfg = Release|Any CPU
		{7A0CF042-1D52-433F-A095-80EFEAD185B2}.Release|Any CPU.Build.0 = Release|Any CPU
	EndGlobalSection
	GlobalSection(SolutionProperties) = preSolution
		HideSolutionNode = FALSE
	EndGlobalSection
	GlobalSection(ExtensibilityGlobals) = postSolution
		SolutionGuid = {C2A31762-D5EA-4271-A378-1BF2EAACADA6}
	EndGlobalSection
EndGlobal
